// !$*UTF8*$!
{
	archiveVersion = 1;
	classes = {
	};
	objectVersion = 51;
	objects = {

/* Begin PBXBuildFile section */
		61E10D4C7830692522DC058B /* Pods_Generics_Decodable_Demo.framework in Frameworks */ = {isa = PBXBuildFile; fileRef = 44833BEEDE6FD26D8F443C18 /* Pods_Generics_Decodable_Demo.framework */; };
		DD07BA9B22EC84920063095B /* AppDelegate.swift in Sources */ = {isa = PBXBuildFile; fileRef = DD07BA9A22EC84920063095B /* AppDelegate.swift */; };
		DD07BA9D22EC84920063095B /* PostsViewController.swift in Sources */ = {isa = PBXBuildFile; fileRef = DD07BA9C22EC84920063095B /* PostsViewController.swift */; };
		DD07BAA222EC84920063095B /* Main.storyboard in Resources */ = {isa = PBXBuildFile; fileRef = DD07BAA022EC84920063095B /* Main.storyboard */; };
		DD07BAA422EC84930063095B /* Assets.xcassets in Resources */ = {isa = PBXBuildFile; fileRef = DD07BAA322EC84930063095B /* Assets.xcassets */; };
		DD07BAA722EC84930063095B /* LaunchScreen.storyboard in Resources */ = {isa = PBXBuildFile; fileRef = DD07BAA522EC84930063095B /* LaunchScreen.storyboard */; };
		DD07BAB422EC89DD0063095B /* CommentsViewController.swift in Sources */ = {isa = PBXBuildFile; fileRef = DD07BAB322EC89DD0063095B /* CommentsViewController.swift */; };
		DD07BABD22EC8F870063095B /* PostsTableViewCell.swift in Sources */ = {isa = PBXBuildFile; fileRef = DD07BABC22EC8F870063095B /* PostsTableViewCell.swift */; };
		DD07BAC322ED0BA90063095B /* PostsModel.swift in Sources */ = {isa = PBXBuildFile; fileRef = DD07BAC222ED0BA90063095B /* PostsModel.swift */; };
		DD07BAC522ED0C210063095B /* PostsAPIService.swift in Sources */ = {isa = PBXBuildFile; fileRef = DD07BAC422ED0C210063095B /* PostsAPIService.swift */; };
		DD07BAC722ED111C0063095B /* CommentsModel.swift in Sources */ = {isa = PBXBuildFile; fileRef = DD07BAC622ED111C0063095B /* CommentsModel.swift */; };
/* End PBXBuildFile section */

/* Begin PBXFileReference section */
		44833BEEDE6FD26D8F443C18 /* Pods_Generics_Decodable_Demo.framework */ = {isa = PBXFileReference; explicitFileType = wrapper.framework; includeInIndex = 0; path = Pods_Generics_Decodable_Demo.framework; sourceTree = BUILT_PRODUCTS_DIR; };
		48BD9A76301AD099C5954111 /* Pods-Generics-Decodable-Demo.debug.xcconfig */ = {isa = PBXFileReference; includeInIndex = 1; lastKnownFileType = text.xcconfig; name = "Pods-Generics-Decodable-Demo.debug.xcconfig"; path = "Target Support Files/Pods-Generics-Decodable-Demo/Pods-Generics-Decodable-Demo.debug.xcconfig"; sourceTree = "<group>"; };
		B5901A495CECE91B1308A06A /* Pods-Generics-Decodable-Demo.release.xcconfig */ = {isa = PBXFileReference; includeInIndex = 1; lastKnownFileType = text.xcconfig; name = "Pods-Generics-Decodable-Demo.release.xcconfig"; path = "Target Support Files/Pods-Generics-Decodable-Demo/Pods-Generics-Decodable-Demo.release.xcconfig"; sourceTree = "<group>"; };
		DD07BA9722EC84920063095B /* Generics-Decodable-Demo.app */ = {isa = PBXFileReference; explicitFileType = wrapper.application; includeInIndex = 0; path = "Generics-Decodable-Demo.app"; sourceTree = BUILT_PRODUCTS_DIR; };
		DD07BA9A22EC84920063095B /* AppDelegate.swift */ = {isa = PBXFileReference; lastKnownFileType = sourcecode.swift; path = AppDelegate.swift; sourceTree = "<group>"; };
		DD07BA9C22EC84920063095B /* PostsViewController.swift */ = {isa = PBXFileReference; lastKnownFileType = sourcecode.swift; path = PostsViewController.swift; sourceTree = "<group>"; };
		DD07BAA122EC84920063095B /* Base */ = {isa = PBXFileReference; lastKnownFileType = file.storyboard; name = Base; path = Base.lproj/Main.storyboard; sourceTree = "<group>"; };
		DD07BAA322EC84930063095B /* Assets.xcassets */ = {isa = PBXFileReference; lastKnownFileType = folder.assetcatalog; path = Assets.xcassets; sourceTree = "<group>"; };
		DD07BAA622EC84930063095B /* Base */ = {isa = PBXFileReference; lastKnownFileType = file.storyboard; name = Base; path = Base.lproj/LaunchScreen.storyboard; sourceTree = "<group>"; };
		DD07BAA822EC84930063095B /* Info.plist */ = {isa = PBXFileReference; lastKnownFileType = text.plist.xml; path = Info.plist; sourceTree = "<group>"; };
		DD07BAB322EC89DD0063095B /* CommentsViewController.swift */ = {isa = PBXFileReference; lastKnownFileType = sourcecode.swift; path = CommentsViewController.swift; sourceTree = "<group>"; };
		DD07BABC22EC8F870063095B /* PostsTableViewCell.swift */ = {isa = PBXFileReference; lastKnownFileType = sourcecode.swift; path = PostsTableViewCell.swift; sourceTree = "<group>"; };
		DD07BAC222ED0BA90063095B /* PostsModel.swift */ = {isa = PBXFileReference; fileEncoding = 4; lastKnownFileType = sourcecode.swift; path = PostsModel.swift; sourceTree = "<group>"; };
		DD07BAC422ED0C210063095B /* PostsAPIService.swift */ = {isa = PBXFileReference; lastKnownFileType = sourcecode.swift; path = PostsAPIService.swift; sourceTree = "<group>"; };
		DD07BAC622ED111C0063095B /* CommentsModel.swift */ = {isa = PBXFileReference; fileEncoding = 4; lastKnownFileType = sourcecode.swift; path = CommentsModel.swift; sourceTree = "<group>"; };
/* End PBXFileReference section */

/* Begin PBXFrameworksBuildPhase section */
		DD07BA9422EC84920063095B /* Frameworks */ = {
			isa = PBXFrameworksBuildPhase;
			buildActionMask = 2147483647;
			files = (
				61E10D4C7830692522DC058B /* Pods_Generics_Decodable_Demo.framework in Frameworks */,
			);
			runOnlyForDeploymentPostprocessing = 0;
		};
/* End PBXFrameworksBuildPhase section */

/* Begin PBXGroup section */
		4150E8FECEE5455141217FF1 /* Pods */ = {
			isa = PBXGroup;
			children = (
				48BD9A76301AD099C5954111 /* Pods-Generics-Decodable-Demo.debug.xcconfig */,
				B5901A495CECE91B1308A06A /* Pods-Generics-Decodable-Demo.release.xcconfig */,
			);
			path = Pods;
			sourceTree = "<group>";
		};
		4CC0B2B13D6BDF60BAC3C04A /* Frameworks */ = {
			isa = PBXGroup;
			children = (
				44833BEEDE6FD26D8F443C18 /* Pods_Generics_Decodable_Demo.framework */,
			);
			name = Frameworks;
			sourceTree = "<group>";
		};
		DD07BA8E22EC84920063095B = {
			isa = PBXGroup;
			children = (
				DD07BA9922EC84920063095B /* Generics-Decodable-Demo */,
				DD07BA9822EC84920063095B /* Products */,
				4150E8FECEE5455141217FF1 /* Pods */,
				4CC0B2B13D6BDF60BAC3C04A /* Frameworks */,
			);
			sourceTree = "<group>";
		};
		DD07BA9822EC84920063095B /* Products */ = {
			isa = PBXGroup;
			children = (
				DD07BA9722EC84920063095B /* Generics-Decodable-Demo.app */,
			);
			name = Products;
			sourceTree = "<group>";
		};
		DD07BA9922EC84920063095B /* Generics-Decodable-Demo */ = {
			isa = PBXGroup;
			children = (
				DD07BABB22EC8F720063095B /* View */,
				DD07BAB822EC8C130063095B /* Model */,
				DD07BAB522EC8AE30063095B /* APIService */,
				DD07BAC022ED084F0063095B /* Controller */,
				DD07BAA022EC84920063095B /* Main.storyboard */,
				DD07BAC122ED086B0063095B /* Utilities */,
				DD07BAA522EC84930063095B /* LaunchScreen.storyboard */,
				DD07BAA822EC84930063095B /* Info.plist */,
			);
			path = "Generics-Decodable-Demo";
			sourceTree = "<group>";
		};
		DD07BAB522EC8AE30063095B /* APIService */ = {
			isa = PBXGroup;
			children = (
				DD07BAC422ED0C210063095B /* PostsAPIService.swift */,
			);
			path = APIService;
			sourceTree = "<group>";
		};
		DD07BAB822EC8C130063095B /* Model */ = {
			isa = PBXGroup;
			children = (
				DD07BAC222ED0BA90063095B /* PostsModel.swift */,
				DD07BAC622ED111C0063095B /* CommentsModel.swift */,
			);
			path = Model;
			sourceTree = "<group>";
		};
		DD07BABB22EC8F720063095B /* View */ = {
			isa = PBXGroup;
			children = (
				DD07BABC22EC8F870063095B /* PostsTableViewCell.swift */,
			);
			path = View;
			sourceTree = "<group>";
		};
		DD07BAC022ED084F0063095B /* Controller */ = {
			isa = PBXGroup;
			children = (
				DD07BA9C22EC84920063095B /* PostsViewController.swift */,
				DD07BAB322EC89DD0063095B /* CommentsViewController.swift */,
			);
			path = Controller;
			sourceTree = "<group>";
		};
		DD07BAC122ED086B0063095B /* Utilities */ = {
			isa = PBXGroup;
			children = (
				DD07BA9A22EC84920063095B /* AppDelegate.swift */,
				DD07BAA322EC84930063095B /* Assets.xcassets */,
			);
			path = Utilities;
			sourceTree = "<group>";
		};
/* End PBXGroup section */

/* Begin PBXNativeTarget section */
		DD07BA9622EC84920063095B /* Generics-Decodable-Demo */ = {
			isa = PBXNativeTarget;
			buildConfigurationList = DD07BAAB22EC84930063095B /* Build configuration list for PBXNativeTarget "Generics-Decodable-Demo" */;
			buildPhases = (
				19A1A096B52A20E216B6DDD7 /* [CP] Check Pods Manifest.lock */,
				DD07BA9322EC84920063095B /* Sources */,
				DD07BA9422EC84920063095B /* Frameworks */,
				DD07BA9522EC84920063095B /* Resources */,
				4BD2A1CB14D04F7E99D46F3F /* [CP] Embed Pods Frameworks */,
			);
			buildRules = (
			);
			dependencies = (
			);
			name = "Generics-Decodable-Demo";
			productName = "Generics-Decodable-Demo";
			productReference = DD07BA9722EC84920063095B /* Generics-Decodable-Demo.app */;
			productType = "com.apple.product-type.application";
		};
/* End PBXNativeTarget section */

/* Begin PBXProject section */
		DD07BA8F22EC84920063095B /* Project object */ = {
			isa = PBXProject;
			attributes = {
				LastSwiftUpdateCheck = 1020;
				LastUpgradeCheck = 1020;
				ORGANIZATIONNAME = Minds;
				TargetAttributes = {
					DD07BA9622EC84920063095B = {
						CreatedOnToolsVersion = 10.2.1;
					};
				};
			};
			buildConfigurationList = DD07BA9222EC84920063095B /* Build configuration list for PBXProject "Generics-Decodable-Demo" */;
			compatibilityVersion = "Xcode 9.3";
			developmentRegion = en;
			hasScannedForEncodings = 0;
			knownRegions = (
				en,
				Base,
			);
			mainGroup = DD07BA8E22EC84920063095B;
			productRefGroup = DD07BA9822EC84920063095B /* Products */;
			projectDirPath = "";
			projectRoot = "";
			targets = (
				DD07BA9622EC84920063095B /* Generics-Decodable-Demo */,
			);
		};
/* End PBXProject section */

/* Begin PBXResourcesBuildPhase section */
		DD07BA9522EC84920063095B /* Resources */ = {
			isa = PBXResourcesBuildPhase;
			buildActionMask = 2147483647;
			files = (
				DD07BAA722EC84930063095B /* LaunchScreen.storyboard in Resources */,
				DD07BAA422EC84930063095B /* Assets.xcassets in Resources */,
				DD07BAA222EC84920063095B /* Main.storyboard in Resources */,
			);
			runOnlyForDeploymentPostprocessing = 0;
		};
/* End PBXResourcesBuildPhase section */

/* Begin PBXShellScriptBuildPhase section */
		19A1A096B52A20E216B6DDD7 /* [CP] Check Pods Manifest.lock */ = {
			isa = PBXShellScriptBuildPhase;
			buildActionMask = 2147483647;
			files = (
			);
			inputFileListPaths = (
			);
			inputPaths = (
				"${PODS_PODFILE_DIR_PATH}/Podfile.lock",
				"${PODS_ROOT}/Manifest.lock",
			);
			name = "[CP] Check Pods Manifest.lock";
			outputFileListPaths = (
			);
			outputPaths = (
				"$(DERIVED_FILE_DIR)/Pods-Generics-Decodable-Demo-checkManifestLockResult.txt",
			);
			runOnlyForDeploymentPostprocessing = 0;
			shellPath = /bin/sh;
			shellScript = "diff \"${PODS_PODFILE_DIR_PATH}/Podfile.lock\" \"${PODS_ROOT}/Manifest.lock\" > /dev/null\nif [ $? != 0 ] ; then\n    # print error to STDERR\n    echo \"error: The sandbox is not in sync with the Podfile.lock. Run 'pod install' or update your CocoaPods installation.\" >&2\n    exit 1\nfi\n# This output is used by Xcode 'outputs' to avoid re-running this script phase.\necho \"SUCCESS\" > \"${SCRIPT_OUTPUT_FILE_0}\"\n";
			showEnvVarsInLog = 0;
		};
		4BD2A1CB14D04F7E99D46F3F /* [CP] Embed Pods Frameworks */ = {
			isa = PBXShellScriptBuildPhase;
			buildActionMask = 2147483647;
			files = (
			);
			inputFileListPaths = (
				"${PODS_ROOT}/Target Support Files/Pods-Generics-Decodable-Demo/Pods-Generics-Decodable-Demo-frameworks-${CONFIGURATION}-input-files.xcfilelist",
			);
			name = "[CP] Embed Pods Frameworks";
			outputFileListPaths = (
				"${PODS_ROOT}/Target Support Files/Pods-Generics-Decodable-Demo/Pods-Generics-Decodable-Demo-frameworks-${CONFIGURATION}-output-files.xcfilelist",
			);
			runOnlyForDeploymentPostprocessing = 0;
			shellPath = /bin/sh;
			shellScript = "\"${PODS_ROOT}/Target Support Files/Pods-Generics-Decodable-Demo/Pods-Generics-Decodable-Demo-frameworks.sh\"\n";
			showEnvVarsInLog = 0;
		};
/* End PBXShellScriptBuildPhase section */

/* Begin PBXSourcesBuildPhase section */
		DD07BA9322EC84920063095B /* Sources */ = {
			isa = PBXSourcesBuildPhase;
			buildActionMask = 2147483647;
			files = (
				DD07BA9B22EC84920063095B /* AppDelegate.swift in Sources */,
				DD07BA9D22EC84920063095B /* PostsViewController.swift in Sources */,
				DD07BAC522ED0C210063095B /* PostsAPIService.swift in Sources */,
				DD07BABD22EC8F870063095B /* PostsTableViewCell.swift in Sources */,
				DD07BAB422EC89DD0063095B /* CommentsViewController.swift in Sources */,
				DD07BAC322ED0BA90063095B /* PostsModel.swift in Sources */,
				DD07BAC722ED111C0063095B /* CommentsModel.swift in Sources */,
			);
			runOnlyForDeploymentPostprocessing = 0;
		};
/* End PBXSourcesBuildPhase section */

/* Begin PBXVariantGroup section */
		DD07BAA022EC84920063095B /* Main.storyboard */ = {
			isa = PBXVariantGroup;
			children = (
				DD07BAA122EC84920063095B /* Base */,
			);
			name = Main.storyboard;
			sourceTree = "<group>";
		};
		DD07BAA522EC84930063095B /* LaunchScreen.storyboard */ = {
			isa = PBXVariantGroup;
			children = (
				DD07BAA622EC84930063095B /* Base */,
			);
			name = LaunchScreen.storyboard;
			sourceTree = "<group>";
		};
/* End PBXVariantGroup section */

/* Begin XCBuildConfiguration section */
		DD07BAA922EC84930063095B /* Debug */ = {
			isa = XCBuildConfiguration;
			buildSettings = {
				ALWAYS_SEARCH_USER_PATHS = NO;
				CLANG_ANALYZER_NONNULL = YES;
				CLANG_ANALYZER_NUMBER_OBJECT_CONVERSION = YES_AGGRESSIVE;
				CLANG_CXX_LANGUAGE_STANDARD = "gnu++14";
				CLANG_CXX_LIBRARY = "libc++";
				CLANG_ENABLE_MODULES = YES;
				CLANG_ENABLE_OBJC_ARC = YES;
				CLANG_ENABLE_OBJC_WEAK = YES;
				CLANG_WARN_BLOCK_CAPTURE_AUTORELEASING = YES;
				CLANG_WARN_BOOL_CONVERSION = YES;
				CLANG_WARN_COMMA = YES;
				CLANG_WARN_CONSTANT_CONVERSION = YES;
				CLANG_WARN_DEPRECATED_OBJC_IMPLEMENTATIONS = YES;
				CLANG_WARN_DIRECT_OBJC_ISA_USAGE = YES_ERROR;
				CLANG_WARN_DOCUMENTATION_COMMENTS = YES;
				CLANG_WARN_EMPTY_BODY = YES;
				CLANG_WARN_ENUM_CONVERSION = YES;
				CLANG_WARN_INFINITE_RECURSION = YES;
				CLANG_WARN_INT_CONVERSION = YES;
				CLANG_WARN_NON_LITERAL_NULL_CONVERSION = YES;
				CLANG_WARN_OBJC_IMPLICIT_RETAIN_SELF = YES;
				CLANG_WARN_OBJC_LITERAL_CONVERSION = YES;
				CLANG_WARN_OBJC_ROOT_CLASS = YES_ERROR;
				CLANG_WARN_RANGE_LOOP_ANALYSIS = YES;
				CLANG_WARN_STRICT_PROTOTYPES = YES;
				CLANG_WARN_SUSPICIOUS_MOVE = YES;
				CLANG_WARN_UNGUARDED_AVAILABILITY = YES_AGGRESSIVE;
				CLANG_WARN_UNREACHABLE_CODE = YES;
				CLANG_WARN__DUPLICATE_METHOD_MATCH = YES;
				CODE_SIGN_IDENTITY = "iPhone Developer";
				COPY_PHASE_STRIP = NO;
				DEBUG_INFORMATION_FORMAT = dwarf;
				ENABLE_STRICT_OBJC_MSGSEND = YES;
				ENABLE_TESTABILITY = YES;
				GCC_C_LANGUAGE_STANDARD = gnu11;
				GCC_DYNAMIC_NO_PIC = NO;
				GCC_NO_COMMON_BLOCKS = YES;
				GCC_OPTIMIZATION_LEVEL = 0;
				GCC_PREPROCESSOR_DEFINITIONS = (
					"DEBUG=1",
					"$(inherited)",
				);
				GCC_WARN_64_TO_32_BIT_CONVERSION = YES;
				GCC_WARN_ABOUT_RETURN_TYPE = YES_ERROR;
				GCC_WARN_UNDECLARED_SELECTOR = YES;
				GCC_WARN_UNINITIALIZED_AUTOS = YES_AGGRESSIVE;
				GCC_WARN_UNUSED_FUNCTION = YES;
				GCC_WARN_UNUSED_VARIABLE = YES;
				IPHONEOS_DEPLOYMENT_TARGET = 12.2;
				MTL_ENABLE_DEBUG_INFO = INCLUDE_SOURCE;
				MTL_FAST_MATH = YES;
				ONLY_ACTIVE_ARCH = YES;
				SDKROOT = iphoneos;
				SWIFT_ACTIVE_COMPILATION_CONDITIONS = DEBUG;
				SWIFT_OPTIMIZATION_LEVEL = "-Onone";
			};
			name = Debug;
		};
		DD07BAAA22EC84930063095B /* Release */ = {
			isa = XCBuildConfiguration;
			buildSettings = {
				ALWAYS_SEARCH_USER_PATHS = NO;
				CLANG_ANALYZER_NONNULL = YES;
				CLANG_ANALYZER_NUMBER_OBJECT_CONVERSION = YES_AGGRESSIVE;
				CLANG_CXX_LANGUAGE_STANDARD = "gnu++14";
				CLANG_CXX_LIBRARY = "libc++";
				CLANG_ENABLE_MODULES = YES;
				CLANG_ENABLE_OBJC_ARC = YES;
				CLANG_ENABLE_OBJC_WEAK = YES;
				CLANG_WARN_BLOCK_CAPTURE_AUTORELEASING = YES;
				CLANG_WARN_BOOL_CONVERSION = YES;
				CLANG_WARN_COMMA = YES;
				CLANG_WARN_CONSTANT_CONVERSION = YES;
				CLANG_WARN_DEPRECATED_OBJC_IMPLEMENTATIONS = YES;
				CLANG_WARN_DIRECT_OBJC_ISA_USAGE = YES_ERROR;
				CLANG_WARN_DOCUMENTATION_COMMENTS = YES;
				CLANG_WARN_EMPTY_BODY = YES;
				CLANG_WARN_ENUM_CONVERSION = YES;
				CLANG_WARN_INFINITE_RECURSION = YES;
				CLANG_WARN_INT_CONVERSION = YES;
				CLANG_WARN_NON_LITERAL_NULL_CONVERSION = YES;
				CLANG_WARN_OBJC_IMPLICIT_RETAIN_SELF = YES;
				CLANG_WARN_OBJC_LITERAL_CONVERSION = YES;
				CLANG_WARN_OBJC_ROOT_CLASS = YES_ERROR;
				CLANG_WARN_RANGE_LOOP_ANALYSIS = YES;
				CLANG_WARN_STRICT_PROTOTYPES = YES;
				CLANG_WARN_SUSPICIOUS_MOVE = YES;
				CLANG_WARN_UNGUARDED_AVAILABILITY = YES_AGGRESSIVE;
				CLANG_WARN_UNREACHABLE_CODE = YES;
				CLANG_WARN__DUPLICATE_METHOD_MATCH = YES;
				CODE_SIGN_IDENTITY = "iPhone Developer";
				COPY_PHASE_STRIP = NO;
				DEBUG_INFORMATION_FORMAT = "dwarf-with-dsym";
				ENABLE_NS_ASSERTIONS = NO;
				ENABLE_STRICT_OBJC_MSGSEND = YES;
				GCC_C_LANGUAGE_STANDARD = gnu11;
				GCC_NO_COMMON_BLOCKS = YES;
				GCC_WARN_64_TO_32_BIT_CONVERSION = YES;
				GCC_WARN_ABOUT_RETURN_TYPE = YES_ERROR;
				GCC_WARN_UNDECLARED_SELECTOR = YES;
				GCC_WARN_UNINITIALIZED_AUTOS = YES_AGGRESSIVE;
				GCC_WARN_UNUSED_FUNCTION = YES;
				GCC_WARN_UNUSED_VARIABLE = YES;
				IPHONEOS_DEPLOYMENT_TARGET = 12.2;
				MTL_ENABLE_DEBUG_INFO = NO;
				MTL_FAST_MATH = YES;
				SDKROOT = iphoneos;
				SWIFT_COMPILATION_MODE = wholemodule;
				SWIFT_OPTIMIZATION_LEVEL = "-O";
				VALIDATE_PRODUCT = YES;
			};
			name = Release;
		};
		DD07BAAC22EC84930063095B /* Debug */ = {
			isa = XCBuildConfiguration;
			baseConfigurationReference = 48BD9A76301AD099C5954111 /* Pods-Generics-Decodable-Demo.debug.xcconfig */;
			buildSettings = {
				ASSETCATALOG_COMPILER_APPICON_NAME = AppIcon;
				CODE_SIGN_STYLE = Automatic;
				DEVELOPMENT_TEAM = F6A4DNKAZ6;
				INFOPLIST_FILE = "Generics-Decodable-Demo/Info.plist";
				LD_RUNPATH_SEARCH_PATHS = (
					"$(inherited)",
					"@executable_path/Frameworks",
				);
				PRODUCT_BUNDLE_IDENTIFIER = "hassan.Generics-Decodable-Demo";
				PRODUCT_NAME = "$(TARGET_NAME)";
				SWIFT_VERSION = 5.0;
				TARGETED_DEVICE_FAMILY = "1,2";
			};
			name = Debug;
		};
		DD07BAAD22EC84930063095B /* Release */ = {
			isa = XCBuildConfiguration;
			baseConfigurationReference = B5901A495CECE91B1308A06A /* Pods-Generics-Decodable-Demo.release.xcconfig */;
			buildSettings = {
				ASSETCATALOG_COMPILER_APPICON_NAME = AppIcon;
				CODE_SIGN_STYLE = Automatic;
				DEVELOPMENT_TEAM = F6A4DNKAZ6;
				INFOPLIST_FILE = "Generics-Decodable-Demo/Info.plist";
				LD_RUNPATH_SEARCH_PATHS = (
					"$(inherited)",
					"@executable_path/Frameworks",
				);
				PRODUCT_BUNDLE_IDENTIFIER = "hassan.Generics-Decodable-Demo";
				PRODUCT_NAME = "$(TARGET_NAME)";
				SWIFT_VERSION = 5.0;
				TARGETED_DEVICE_FAMILY = "1,2";
			};
			name = Release;
		};
/* End XCBuildConfiguration section */

/* Begin XCConfigurationList section */
		DD07BA9222EC84920063095B /* Build configuration list for PBXProject "Generics-Decodable-Demo" */ = {
			isa = XCConfigurationList;
			buildConfigurations = (
				DD07BAA922EC84930063095B /* Debug */,
				DD07BAAA22EC84930063095B /* Release */,
			);
			defaultConfigurationIsVisible = 0;
			defaultConfigurationName = Release;
		};
		DD07BAAB22EC84930063095B /* Build configuration list for PBXNativeTarget "Generics-Decodable-Demo" */ = {
			isa = XCConfigurationList;
			buildConfigurations = (
				DD07BAAC22EC84930063095B /* Debug */,
				DD07BAAD22EC84930063095B /* Release */,
			);
			defaultConfigurationIsVisible = 0;
			defaultConfigurationName = Release;
		};
/* End XCConfigurationList section */
	};
	rootObject = DD07BA8F22EC84920063095B /* Project object */;
}
